
Microsoft Visual Studio Solution File, Format Version 12.00
# Visual Studio Version 16
VisualStudioVersion = 16.0.29123.88
MinimumVisualStudioVersion = 10.0.40219.1
Project("{9A19103F-16F7-4668-BE54-9A1E7A4F7556}") = "Clarity", "DrywallHidesPipe\Clarity.csproj", "{BDDE4F01-9BEB-497E-A058-29EEAC2569BC}"
EndProject
Project("{2150E333-8FDC-42A3-9474-1A3956D46DE8}") = "Meta", "Meta", "{603AF289-4ECC-4260-BEFC-BCA6F5E385A9}"
	ProjectSection(SolutionItems) = preProject
		LICENSE = LICENSE
		ONI mod reference.md = ONI mod reference.md
		README.md = README.md
	EndProjectSection
EndProject
Project("{2150E333-8FDC-42A3-9474-1A3956D46DE8}") = "MSBuild", "MSBuild", "{9CF14110-1EA2-48ED-A5DD-8FDC97503417}"
	ProjectSection(SolutionItems) = preProject
		Directory.Build.props = Directory.Build.props
		Directory.Build.props.default = Directory.Build.props.default
		Directory.Build.props.user = Directory.Build.props.user
		Directory.Build.targets = Directory.Build.targets
	EndProjectSection
EndProject
Project("{FAE04EC0-301F-11D3-BF4B-00C04F79EFBC}") = "SpellpowerMath", "SpellpowerMath\SpellpowerMath.csproj", "{EC9EE881-698D-43CD-BF71-747771BB554D}"
EndProject
Project("{FAE04EC0-301F-11D3-BF4B-00C04F79EFBC}") = "LocstringExtractor", "LocstringExtractor\LocstringExtractor.csproj", "{B4B7B1D3-9345-4E25-8EE8-0294A3C80658}"
EndProject
Global
	GlobalSection(SolutionConfigurationPlatforms) = preSolution
		Debug|Any CPU = Debug|Any CPU
		Release|Any CPU = Release|Any CPU
	EndGlobalSection
	GlobalSection(ProjectConfigurationPlatforms) = postSolution
		{BDDE4F01-9BEB-497E-A058-29EEAC2569BC}.Debug|Any CPU.ActiveCfg = Debug|Any CPU
		{BDDE4F01-9BEB-497E-A058-29EEAC2569BC}.Debug|Any CPU.Build.0 = Debug|Any CPU
		{BDDE4F01-9BEB-497E-A058-29EEAC2569BC}.Release|Any CPU.ActiveCfg = Release|Any CPU
		{BDDE4F01-9BEB-497E-A058-29EEAC2569BC}.Release|Any CPU.Build.0 = Release|Any CPU
		{EC9EE881-698D-43CD-BF71-747771BB554D}.Debug|Any CPU.ActiveCfg = Debug|Any CPU
		{EC9EE881-698D-43CD-BF71-747771BB554D}.Debug|Any CPU.Build.0 = Debug|Any CPU
		{EC9EE881-698D-43CD-BF71-747771BB554D}.Release|Any CPU.ActiveCfg = Release|Any CPU
		{EC9EE881-698D-43CD-BF71-747771BB554D}.Release|Any CPU.Build.0 = Release|Any CPU
		{B4B7B1D3-9345-4E25-8EE8-0294A3C80658}.Debug|Any CPU.ActiveCfg = Debug|Any CPU
		{B4B7B1D3-9345-4E25-8EE8-0294A3C80658}.Debug|Any CPU.Build.0 = Debug|Any CPU
		{B4B7B1D3-9345-4E25-8EE8-0294A3C80658}.Release|Any CPU.ActiveCfg = Release|Any CPU
		{B4B7B1D3-9345-4E25-8EE8-0294A3C80658}.Release|Any CPU.Build.0 = Release|Any CPU
	EndGlobalSection
	GlobalSection(SolutionProperties) = preSolution
		HideSolutionNode = FALSE
	EndGlobalSection
	GlobalSection(ExtensibilityGlobals) = postSolution
		SolutionGuid = {A891E594-F383-4A36-B723-E43117F7F1B4}
	EndGlobalSection
EndGlobal
